
Microsoft Visual Studio Solution File, Format Version 12.00
# Visual Studio Version 17
VisualStudioVersion = 17.4.33006.217
MinimumVisualStudioVersion = 10.0.40219.1
Project("{FAE04EC0-301F-11D3-BF4B-00C04F79EFBC}") = "eRegister", "eRegister\eRegister.csproj", "{A33CF516-4D2A-4A20-B0D8-F8292631E9E1}"
EndProject
Global
	GlobalSection(SolutionConfigurationPlatforms) = preSolution
		Debug|Any CPU = Debug|Any CPU
		Release|Any CPU = Release|Any CPU
	EndGlobalSection
	GlobalSection(ProjectConfigurationPlatforms) = postSolution
		{A33CF516-4D2A-4A20-B0D8-F8292631E9E1}.Debug|Any CPU.ActiveCfg = Debug|Any CPU
		{A33CF516-4D2A-4A20-B0D8-F8292631E9E1}.Debug|Any CPU.Build.0 = Debug|Any CPU
		{A33CF516-4D2A-4A20-B0D8-F8292631E9E1}.Release|Any CPU.ActiveCfg = Release|Any CPU
		{A33CF516-4D2A-4A20-B0D8-F8292631E9E1}.Release|Any CPU.Build.0 = Release|Any CPU
	EndGlobalSection
	GlobalSection(SolutionProperties) = preSolution
		HideSolutionNode = FALSE
	EndGlobalSection
	GlobalSection(ExtensibilityGlobals) = postSolution
		SolutionGuid = {CAAA9B52-5A51-4F8A-8E1C-64FA7DA65F65}
	EndGlobalSection
EndGlobal
